
Microsoft Visual Studio Solution File, Format Version 12.00
# Visual Studio 15
VisualStudioVersion = 15.0.27130.2027
MinimumVisualStudioVersion = 10.0.40219.1
Project("{FAE04EC0-301F-11D3-BF4B-00C04F79EFBC}") = "JavaScriptUnitTest", "JavaScriptUnitTest\JavaScriptUnitTest.csproj", "{35CB965B-E15F-478C-BAA0-62364253CF5D}"
EndProject
Global
	GlobalSection(SolutionConfigurationPlatforms) = preSolution
		Debug|Any CPU = Debug|Any CPU
		Release|Any CPU = Release|Any CPU
	EndGlobalSection
	GlobalSection(ProjectConfigurationPlatforms) = postSolution
		{35CB965B-E15F-478C-BAA0-62364253CF5D}.Debug|Any CPU.ActiveCfg = Debug|Any CPU
		{35CB965B-E15F-478C-BAA0-62364253CF5D}.Debug|Any CPU.Build.0 = Debug|Any CPU
		{35CB965B-E15F-478C-BAA0-62364253CF5D}.Release|Any CPU.ActiveCfg = Release|Any CPU
		{35CB965B-E15F-478C-BAA0-62364253CF5D}.Release|Any CPU.Build.0 = Release|Any CPU
	EndGlobalSection
	GlobalSection(SolutionProperties) = preSolution
		HideSolutionNode = FALSE
	EndGlobalSection
	GlobalSection(ExtensibilityGlobals) = postSolution
		SolutionGuid = {F2DEAEEC-44FF-4E38-A968-3B340422248E}
	EndGlobalSection
EndGlobal
